// !$*UTF8*$!
{
	archiveVersion = 1;
	classes = {
	};
	objectVersion = 56;
	objects = {

/* Begin PBXBuildFile section */
		70AC89592E2158EA00CC1AE0 /* Service.swift in Sources */ = {isa = PBXBuildFile; fileRef = 70AC89582E2158EA00CC1AE0 /* Service.swift */; };
		70AC895C2E215A8800CC1AE0 /* SmartDateFormatter.swift in Sources */ = {isa = PBXBuildFile; fileRef = 70AC895B2E215A8800CC1AE0 /* SmartDateFormatter.swift */; };
		70AC895F2E215B4700CC1AE0 /* ServicesSampleData.swift in Sources */ = {isa = PBXBuildFile; fileRef = 70AC895E2E215B4700CC1AE0 /* ServicesSampleData.swift */; };
		70AC89642E215C5400CC1AE0 /* ServicesViewModel.swift in Sources */ = {isa = PBXBuildFile; fileRef = 70AC89632E215C5400CC1AE0 /* ServicesViewModel.swift */; };
		70AC89682E21600200CC1AE0 /* ServiceRow.swift in Sources */ = {isa = PBXBuildFile; fileRef = 70AC89672E21600200CC1AE0 /* ServiceRow.swift */; };
		70AC896A2E21608500CC1AE0 /* StatusBadge.swift in Sources */ = {isa = PBXBuildFile; fileRef = 70AC89692E21608500CC1AE0 /* StatusBadge.swift */; };
		70C72DD82E2150EF00D060A9 /* ZuperAssignmentApp.swift in Sources */ = {isa = PBXBuildFile; fileRef = 70C72DD72E2150EF00D060A9 /* ZuperAssignmentApp.swift */; };
		70C72DDA2E2150EF00D060A9 /* ContentView.swift in Sources */ = {isa = PBXBuildFile; fileRef = 70C72DD92E2150EF00D060A9 /* ContentView.swift */; };
		70C72DDC2E2150F000D060A9 /* Assets.xcassets in Resources */ = {isa = PBXBuildFile; fileRef = 70C72DDB2E2150F000D060A9 /* Assets.xcassets */; };
		70C72DDF2E2150F000D060A9 /* Preview Assets.xcassets in Resources */ = {isa = PBXBuildFile; fileRef = 70C72DDE2E2150F000D060A9 /* Preview Assets.xcassets */; };
		70C72DE92E2150F000D060A9 /* ZuperAssignmentTests.swift in Sources */ = {isa = PBXBuildFile; fileRef = 70C72DE82E2150F000D060A9 /* ZuperAssignmentTests.swift */; };
		70C72DF32E2150F000D060A9 /* ZuperAssignmentUITests.swift in Sources */ = {isa = PBXBuildFile; fileRef = 70C72DF22E2150F000D060A9 /* ZuperAssignmentUITests.swift */; };
		70C72DF52E2150F000D060A9 /* ZuperAssignmentUITestsLaunchTests.swift in Sources */ = {isa = PBXBuildFile; fileRef = 70C72DF42E2150F000D060A9 /* ZuperAssignmentUITestsLaunchTests.swift */; };
/* End PBXBuildFile section */

/* Begin PBXContainerItemProxy section */
		70C72DE52E2150F000D060A9 /* PBXContainerItemProxy */ = {
			isa = PBXContainerItemProxy;
			containerPortal = 70C72DCC2E2150EF00D060A9 /* Project object */;
			proxyType = 1;
			remoteGlobalIDString = 70C72DD32E2150EF00D060A9;
			remoteInfo = ZuperAssignment;
		};
		70C72DEF2E2150F000D060A9 /* PBXContainerItemProxy */ = {
			isa = PBXContainerItemProxy;
			containerPortal = 70C72DCC2E2150EF00D060A9 /* Project object */;
			proxyType = 1;
			remoteGlobalIDString = 70C72DD32E2150EF00D060A9;
			remoteInfo = ZuperAssignment;
		};
/* End PBXContainerItemProxy section */

/* Begin PBXFileReference section */
		70AC89582E2158EA00CC1AE0 /* Service.swift */ = {isa = PBXFileReference; lastKnownFileType = sourcecode.swift; path = Service.swift; sourceTree = "<group>"; };
		70AC895B2E215A8800CC1AE0 /* SmartDateFormatter.swift */ = {isa = PBXFileReference; lastKnownFileType = sourcecode.swift; path = SmartDateFormatter.swift; sourceTree = "<group>"; };
		70AC895E2E215B4700CC1AE0 /* ServicesSampleData.swift */ = {isa = PBXFileReference; lastKnownFileType = sourcecode.swift; path = ServicesSampleData.swift; sourceTree = "<group>"; };
		70AC89632E215C5400CC1AE0 /* ServicesViewModel.swift */ = {isa = PBXFileReference; lastKnownFileType = sourcecode.swift; path = ServicesViewModel.swift; sourceTree = "<group>"; };
		70AC89672E21600200CC1AE0 /* ServiceRow.swift */ = {isa = PBXFileReference; lastKnownFileType = sourcecode.swift; path = ServiceRow.swift; sourceTree = "<group>"; };
		70AC89692E21608500CC1AE0 /* StatusBadge.swift */ = {isa = PBXFileReference; lastKnownFileType = sourcecode.swift; path = StatusBadge.swift; sourceTree = "<group>"; };
		70C72DD42E2150EF00D060A9 /* ZuperAssignment.app */ = {isa = PBXFileReference; explicitFileType = wrapper.application; includeInIndex = 0; path = ZuperAssignment.app; sourceTree = BUILT_PRODUCTS_DIR; };
		70C72DD72E2150EF00D060A9 /* ZuperAssignmentApp.swift */ = {isa = PBXFileReference; lastKnownFileType = sourcecode.swift; path = ZuperAssignmentApp.swift; sourceTree = "<group>"; };
		70C72DD92E2150EF00D060A9 /* ContentView.swift */ = {isa = PBXFileReference; lastKnownFileType = sourcecode.swift; path = ContentView.swift; sourceTree = "<group>"; };
		70C72DDB2E2150F000D060A9 /* Assets.xcassets */ = {isa = PBXFileReference; lastKnownFileType = folder.assetcatalog; path = Assets.xcassets; sourceTree = "<group>"; };
		70C72DDE2E2150F000D060A9 /* Preview Assets.xcassets */ = {isa = PBXFileReference; lastKnownFileType = folder.assetcatalog; path = "Preview Assets.xcassets"; sourceTree = "<group>"; };
		70C72DE42E2150F000D060A9 /* ZuperAssignmentTests.xctest */ = {isa = PBXFileReference; explicitFileType = wrapper.cfbundle; includeInIndex = 0; path = ZuperAssignmentTests.xctest; sourceTree = BUILT_PRODUCTS_DIR; };
		70C72DE82E2150F000D060A9 /* ZuperAssignmentTests.swift */ = {isa = PBXFileReference; lastKnownFileType = sourcecode.swift; path = ZuperAssignmentTests.swift; sourceTree = "<group>"; };
		70C72DEE2E2150F000D060A9 /* ZuperAssignmentUITests.xctest */ = {isa = PBXFileReference; explicitFileType = wrapper.cfbundle; includeInIndex = 0; path = ZuperAssignmentUITests.xctest; sourceTree = BUILT_PRODUCTS_DIR; };
		70C72DF22E2150F000D060A9 /* ZuperAssignmentUITests.swift */ = {isa = PBXFileReference; lastKnownFileType = sourcecode.swift; path = ZuperAssignmentUITests.swift; sourceTree = "<group>"; };
		70C72DF42E2150F000D060A9 /* ZuperAssignmentUITestsLaunchTests.swift */ = {isa = PBXFileReference; lastKnownFileType = sourcecode.swift; path = ZuperAssignmentUITestsLaunchTests.swift; sourceTree = "<group>"; };
/* End PBXFileReference section */

/* Begin PBXFrameworksBuildPhase section */
		70C72DD12E2150EF00D060A9 /* Frameworks */ = {
			isa = PBXFrameworksBuildPhase;
			buildActionMask = 2147483647;
			files = (
			);
			runOnlyForDeploymentPostprocessing = 0;
		};
		70C72DE12E2150F000D060A9 /* Frameworks */ = {
			isa = PBXFrameworksBuildPhase;
			buildActionMask = 2147483647;
			files = (
			);
			runOnlyForDeploymentPostprocessing = 0;
		};
		70C72DEB2E2150F000D060A9 /* Frameworks */ = {
			isa = PBXFrameworksBuildPhase;
			buildActionMask = 2147483647;
			files = (
			);
			runOnlyForDeploymentPostprocessing = 0;
		};
/* End PBXFrameworksBuildPhase section */

/* Begin PBXGroup section */
		70AC89572E2158CC00CC1AE0 /* Models */ = {
			isa = PBXGroup;
			children = (
				70AC89582E2158EA00CC1AE0 /* Service.swift */,
			);
			path = Models;
			sourceTree = "<group>";
		};
		70AC895A2E215A4B00CC1AE0 /* Utilities */ = {
			isa = PBXGroup;
			children = (
				70AC895B2E215A8800CC1AE0 /* SmartDateFormatter.swift */,
				70AC895D2E215B1700CC1AE0 /* Resources */,
			);
			path = Utilities;
			sourceTree = "<group>";
		};
		70AC895D2E215B1700CC1AE0 /* Resources */ = {
			isa = PBXGroup;
			children = (
				70AC895E2E215B4700CC1AE0 /* ServicesSampleData.swift */,
			);
			path = Resources;
			sourceTree = "<group>";
		};
		70AC89602E215BAF00CC1AE0 /* ViewModels */ = {
			isa = PBXGroup;
			children = (
				70AC89632E215C5400CC1AE0 /* ServicesViewModel.swift */,
			);
			path = ViewModels;
			sourceTree = "<group>";
		};
		70AC89652E215FCF00CC1AE0 /* Views */ = {
			isa = PBXGroup;
			children = (
				70AC89662E215FE200CC1AE0 /* SharedViews */,
			);
			path = Views;
			sourceTree = "<group>";
		};
		70AC89662E215FE200CC1AE0 /* SharedViews */ = {
			isa = PBXGroup;
			children = (
				70AC89672E21600200CC1AE0 /* ServiceRow.swift */,
				70AC89692E21608500CC1AE0 /* StatusBadge.swift */,
			);
			path = SharedViews;
			sourceTree = "<group>";
		};
		70C72DCB2E2150EF00D060A9 = {
			isa = PBXGroup;
			children = (
				70C72DD62E2150EF00D060A9 /* ZuperAssignment */,
				70C72DE72E2150F000D060A9 /* ZuperAssignmentTests */,
				70C72DF12E2150F000D060A9 /* ZuperAssignmentUITests */,
				70C72DD52E2150EF00D060A9 /* Products */,
			);
			sourceTree = "<group>";
		};
		70C72DD52E2150EF00D060A9 /* Products */ = {
			isa = PBXGroup;
			children = (
				70C72DD42E2150EF00D060A9 /* ZuperAssignment.app */,
				70C72DE42E2150F000D060A9 /* ZuperAssignmentTests.xctest */,
				70C72DEE2E2150F000D060A9 /* ZuperAssignmentUITests.xctest */,
			);
			name = Products;
			sourceTree = "<group>";
		};
		70C72DD62E2150EF00D060A9 /* ZuperAssignment */ = {
			isa = PBXGroup;
			children = (
				70AC89652E215FCF00CC1AE0 /* Views */,
				70AC89602E215BAF00CC1AE0 /* ViewModels */,
				70AC89572E2158CC00CC1AE0 /* Models */,
				70C72DD72E2150EF00D060A9 /* ZuperAssignmentApp.swift */,
				70C72DD92E2150EF00D060A9 /* ContentView.swift */,
				70C72DDB2E2150F000D060A9 /* Assets.xcassets */,
				70C72DDD2E2150F000D060A9 /* Preview Content */,
				70AC895A2E215A4B00CC1AE0 /* Utilities */,
			);
			path = ZuperAssignment;
			sourceTree = "<group>";
		};
		70C72DDD2E2150F000D060A9 /* Preview Content */ = {
			isa = PBXGroup;
			children = (
				70C72DDE2E2150F000D060A9 /* Preview Assets.xcassets */,
			);
			path = "Preview Content";
			sourceTree = "<group>";
		};
		70C72DE72E2150F000D060A9 /* ZuperAssignmentTests */ = {
			isa = PBXGroup;
			children = (
				70C72DE82E2150F000D060A9 /* ZuperAssignmentTests.swift */,
			);
			path = ZuperAssignmentTests;
			sourceTree = "<group>";
		};
		70C72DF12E2150F000D060A9 /* ZuperAssignmentUITests */ = {
			isa = PBXGroup;
			children = (
				70C72DF22E2150F000D060A9 /* ZuperAssignmentUITests.swift */,
				70C72DF42E2150F000D060A9 /* ZuperAssignmentUITestsLaunchTests.swift */,
			);
			path = ZuperAssignmentUITests;
			sourceTree = "<group>";
		};
/* End PBXGroup section */

/* Begin PBXNativeTarget section */
		70C72DD32E2150EF00D060A9 /* ZuperAssignment */ = {
			isa = PBXNativeTarget;
			buildConfigurationList = 70C72DF82E2150F000D060A9 /* Build configuration list for PBXNativeTarget "ZuperAssignment" */;
			buildPhases = (
				70C72DD02E2150EF00D060A9 /* Sources */,
				70C72DD12E2150EF00D060A9 /* Frameworks */,
				70C72DD22E2150EF00D060A9 /* Resources */,
			);
			buildRules = (
			);
			dependencies = (
			);
			name = ZuperAssignment;
			productName = ZuperAssignment;
			productReference = 70C72DD42E2150EF00D060A9 /* ZuperAssignment.app */;
			productType = "com.apple.product-type.application";
		};
		70C72DE32E2150F000D060A9 /* ZuperAssignmentTests */ = {
			isa = PBXNativeTarget;
			buildConfigurationList = 70C72DFB2E2150F000D060A9 /* Build configuration list for PBXNativeTarget "ZuperAssignmentTests" */;
			buildPhases = (
				70C72DE02E2150F000D060A9 /* Sources */,
				70C72DE12E2150F000D060A9 /* Frameworks */,
				70C72DE22E2150F000D060A9 /* Resources */,
			);
			buildRules = (
			);
			dependencies = (
				70C72DE62E2150F000D060A9 /* PBXTargetDependency */,
			);
			name = ZuperAssignmentTests;
			productName = ZuperAssignmentTests;
			productReference = 70C72DE42E2150F000D060A9 /* ZuperAssignmentTests.xctest */;
			productType = "com.apple.product-type.bundle.unit-test";
		};
		70C72DED2E2150F000D060A9 /* ZuperAssignmentUITests */ = {
			isa = PBXNativeTarget;
			buildConfigurationList = 70C72DFE2E2150F000D060A9 /* Build configuration list for PBXNativeTarget "ZuperAssignmentUITests" */;
			buildPhases = (
				70C72DEA2E2150F000D060A9 /* Sources */,
				70C72DEB2E2150F000D060A9 /* Frameworks */,
				70C72DEC2E2150F000D060A9 /* Resources */,
			);
			buildRules = (
			);
			dependencies = (
				70C72DF02E2150F000D060A9 /* PBXTargetDependency */,
			);
			name = ZuperAssignmentUITests;
			productName = ZuperAssignmentUITests;
			productReference = 70C72DEE2E2150F000D060A9 /* ZuperAssignmentUITests.xctest */;
			productType = "com.apple.product-type.bundle.ui-testing";
		};
/* End PBXNativeTarget section */

/* Begin PBXProject section */
		70C72DCC2E2150EF00D060A9 /* Project object */ = {
			isa = PBXProject;
			attributes = {
				BuildIndependentTargetsInParallel = 1;
				LastSwiftUpdateCheck = 1510;
				LastUpgradeCheck = 1510;
				TargetAttributes = {
					70C72DD32E2150EF00D060A9 = {
						CreatedOnToolsVersion = 15.1;
					};
					70C72DE32E2150F000D060A9 = {
						CreatedOnToolsVersion = 15.1;
						TestTargetID = 70C72DD32E2150EF00D060A9;
					};
					70C72DED2E2150F000D060A9 = {
						CreatedOnToolsVersion = 15.1;
						TestTargetID = 70C72DD32E2150EF00D060A9;
					};
				};
			};
			buildConfigurationList = 70C72DCF2E2150EF00D060A9 /* Build configuration list for PBXProject "ZuperAssignment" */;
			compatibilityVersion = "Xcode 14.0";
			developmentRegion = en;
			hasScannedForEncodings = 0;
			knownRegions = (
				en,
				Base,
			);
			mainGroup = 70C72DCB2E2150EF00D060A9;
			productRefGroup = 70C72DD52E2150EF00D060A9 /* Products */;
			projectDirPath = "";
			projectRoot = "";
			targets = (
				70C72DD32E2150EF00D060A9 /* ZuperAssignment */,
				70C72DE32E2150F000D060A9 /* ZuperAssignmentTests */,
				70C72DED2E2150F000D060A9 /* ZuperAssignmentUITests */,
			);
		};
/* End PBXProject section */

/* Begin PBXResourcesBuildPhase section */
		70C72DD22E2150EF00D060A9 /* Resources */ = {
			isa = PBXResourcesBuildPhase;
			buildActionMask = 2147483647;
			files = (
				70C72DDF2E2150F000D060A9 /* Preview Assets.xcassets in Resources */,
				70C72DDC2E2150F000D060A9 /* Assets.xcassets in Resources */,
			);
			runOnlyForDeploymentPostprocessing = 0;
		};
		70C72DE22E2150F000D060A9 /* Resources */ = {
			isa = PBXResourcesBuildPhase;
			buildActionMask = 2147483647;
			files = (
			);
			runOnlyForDeploymentPostprocessing = 0;
		};
		70C72DEC2E2150F000D060A9 /* Resources */ = {
			isa = PBXResourcesBuildPhase;
			buildActionMask = 2147483647;
			files = (
			);
			runOnlyForDeploymentPostprocessing = 0;
		};
/* End PBXResourcesBuildPhase section */

/* Begin PBXSourcesBuildPhase section */
		70C72DD02E2150EF00D060A9 /* Sources */ = {
			isa = PBXSourcesBuildPhase;
			buildActionMask = 2147483647;
			files = (
				70AC895C2E215A8800CC1AE0 /* SmartDateFormatter.swift in Sources */,
				70AC89682E21600200CC1AE0 /* ServiceRow.swift in Sources */,
				70C72DDA2E2150EF00D060A9 /* ContentView.swift in Sources */,
				70AC896A2E21608500CC1AE0 /* StatusBadge.swift in Sources */,
				70AC89642E215C5400CC1AE0 /* ServicesViewModel.swift in Sources */,
				70C72DD82E2150EF00D060A9 /* ZuperAssignmentApp.swift in Sources */,
				70AC895F2E215B4700CC1AE0 /* ServicesSampleData.swift in Sources */,
				70AC89592E2158EA00CC1AE0 /* Service.swift in Sources */,
			);
			runOnlyForDeploymentPostprocessing = 0;
		};
		70C72DE02E2150F000D060A9 /* Sources */ = {
			isa = PBXSourcesBuildPhase;
			buildActionMask = 2147483647;
			files = (
				70C72DE92E2150F000D060A9 /* ZuperAssignmentTests.swift in Sources */,
			);
			runOnlyForDeploymentPostprocessing = 0;
		};
		70C72DEA2E2150F000D060A9 /* Sources */ = {
			isa = PBXSourcesBuildPhase;
			buildActionMask = 2147483647;
			files = (
				70C72DF52E2150F000D060A9 /* ZuperAssignmentUITestsLaunchTests.swift in Sources */,
				70C72DF32E2150F000D060A9 /* ZuperAssignmentUITests.swift in Sources */,
			);
			runOnlyForDeploymentPostprocessing = 0;
		};
/* End PBXSourcesBuildPhase section */

/* Begin PBXTargetDependency section */
		70C72DE62E2150F000D060A9 /* PBXTargetDependency */ = {
			isa = PBXTargetDependency;
			target = 70C72DD32E2150EF00D060A9 /* ZuperAssignment */;
			targetProxy = 70C72DE52E2150F000D060A9 /* PBXContainerItemProxy */;
		};
		70C72DF02E2150F000D060A9 /* PBXTargetDependency */ = {
			isa = PBXTargetDependency;
			target = 70C72DD32E2150EF00D060A9 /* ZuperAssignment */;
			targetProxy = 70C72DEF2E2150F000D060A9 /* PBXContainerItemProxy */;
		};
/* End PBXTargetDependency section */

/* Begin XCBuildConfiguration section */
		70C72DF62E2150F000D060A9 /* Debug */ = {
			isa = XCBuildConfiguration;
			buildSettings = {
				ALWAYS_SEARCH_USER_PATHS = NO;
				ASSETCATALOG_COMPILER_GENERATE_SWIFT_ASSET_SYMBOL_EXTENSIONS = YES;
				CLANG_ANALYZER_NONNULL = YES;
				CLANG_ANALYZER_NUMBER_OBJECT_CONVERSION = YES_AGGRESSIVE;
				CLANG_CXX_LANGUAGE_STANDARD = "gnu++20";
				CLANG_ENABLE_MODULES = YES;
				CLANG_ENABLE_OBJC_ARC = YES;
				CLANG_ENABLE_OBJC_WEAK = YES;
				CLANG_WARN_BLOCK_CAPTURE_AUTORELEASING = YES;
				CLANG_WARN_BOOL_CONVERSION = YES;
				CLANG_WARN_COMMA = YES;
				CLANG_WARN_CONSTANT_CONVERSION = YES;
				CLANG_WARN_DEPRECATED_OBJC_IMPLEMENTATIONS = YES;
				CLANG_WARN_DIRECT_OBJC_ISA_USAGE = YES_ERROR;
				CLANG_WARN_DOCUMENTATION_COMMENTS = YES;
				CLANG_WARN_EMPTY_BODY = YES;
				CLANG_WARN_ENUM_CONVERSION = YES;
				CLANG_WARN_INFINITE_RECURSION = YES;
				CLANG_WARN_INT_CONVERSION = YES;
				CLANG_WARN_NON_LITERAL_NULL_CONVERSION = YES;
				CLANG_WARN_OBJC_IMPLICIT_RETAIN_SELF = YES;
				CLANG_WARN_OBJC_LITERAL_CONVERSION = YES;
				CLANG_WARN_OBJC_ROOT_CLASS = YES_ERROR;
				CLANG_WARN_QUOTED_INCLUDE_IN_FRAMEWORK_HEADER = YES;
				CLANG_WARN_RANGE_LOOP_ANALYSIS = YES;
				CLANG_WARN_STRICT_PROTOTYPES = YES;
				CLANG_WARN_SUSPICIOUS_MOVE = YES;
				CLANG_WARN_UNGUARDED_AVAILABILITY = YES_AGGRESSIVE;
				CLANG_WARN_UNREACHABLE_CODE = YES;
				CLANG_WARN__DUPLICATE_METHOD_MATCH = YES;
				COPY_PHASE_STRIP = NO;
				DEBUG_INFORMATION_FORMAT = dwarf;
				ENABLE_STRICT_OBJC_MSGSEND = YES;
				ENABLE_TESTABILITY = YES;
				ENABLE_USER_SCRIPT_SANDBOXING = YES;
				GCC_C_LANGUAGE_STANDARD = gnu17;
				GCC_DYNAMIC_NO_PIC = NO;
				GCC_NO_COMMON_BLOCKS = YES;
				GCC_OPTIMIZATION_LEVEL = 0;
				GCC_PREPROCESSOR_DEFINITIONS = (
					"DEBUG=1",
					"$(inherited)",
				);
				GCC_WARN_64_TO_32_BIT_CONVERSION = YES;
				GCC_WARN_ABOUT_RETURN_TYPE = YES_ERROR;
				GCC_WARN_UNDECLARED_SELECTOR = YES;
				GCC_WARN_UNINITIALIZED_AUTOS = YES_AGGRESSIVE;
				GCC_WARN_UNUSED_FUNCTION = YES;
				GCC_WARN_UNUSED_VARIABLE = YES;
				IPHONEOS_DEPLOYMENT_TARGET = 17.2;
				LOCALIZATION_PREFERS_STRING_CATALOGS = YES;
				MTL_ENABLE_DEBUG_INFO = INCLUDE_SOURCE;
				MTL_FAST_MATH = YES;
				ONLY_ACTIVE_ARCH = YES;
				SDKROOT = iphoneos;
				SWIFT_ACTIVE_COMPILATION_CONDITIONS = "DEBUG $(inherited)";
				SWIFT_OPTIMIZATION_LEVEL = "-Onone";
				SWIFT_STRICT_CONCURRENCY = complete;
			};
			name = Debug;
		};
		70C72DF72E2150F000D060A9 /* Release */ = {
			isa = XCBuildConfiguration;
			buildSettings = {
				ALWAYS_SEARCH_USER_PATHS = NO;
				ASSETCATALOG_COMPILER_GENERATE_SWIFT_ASSET_SYMBOL_EXTENSIONS = YES;
				CLANG_ANALYZER_NONNULL = YES;
				CLANG_ANALYZER_NUMBER_OBJECT_CONVERSION = YES_AGGRESSIVE;
				CLANG_CXX_LANGUAGE_STANDARD = "gnu++20";
				CLANG_ENABLE_MODULES = YES;
				CLANG_ENABLE_OBJC_ARC = YES;
				CLANG_ENABLE_OBJC_WEAK = YES;
				CLANG_WARN_BLOCK_CAPTURE_AUTORELEASING = YES;
				CLANG_WARN_BOOL_CONVERSION = YES;
				CLANG_WARN_COMMA = YES;
				CLANG_WARN_CONSTANT_CONVERSION = YES;
				CLANG_WARN_DEPRECATED_OBJC_IMPLEMENTATIONS = YES;
				CLANG_WARN_DIRECT_OBJC_ISA_USAGE = YES_ERROR;
				CLANG_WARN_DOCUMENTATION_COMMENTS = YES;
				CLANG_WARN_EMPTY_BODY = YES;
				CLANG_WARN_ENUM_CONVERSION = YES;
				CLANG_WARN_INFINITE_RECURSION = YES;
				CLANG_WARN_INT_CONVERSION = YES;
				CLANG_WARN_NON_LITERAL_NULL_CONVERSION = YES;
				CLANG_WARN_OBJC_IMPLICIT_RETAIN_SELF = YES;
				CLANG_WARN_OBJC_LITERAL_CONVERSION = YES;
				CLANG_WARN_OBJC_ROOT_CLASS = YES_ERROR;
				CLANG_WARN_QUOTED_INCLUDE_IN_FRAMEWORK_HEADER = YES;
				CLANG_WARN_RANGE_LOOP_ANALYSIS = YES;
				CLANG_WARN_STRICT_PROTOTYPES = YES;
				CLANG_WARN_SUSPICIOUS_MOVE = YES;
				CLANG_WARN_UNGUARDED_AVAILABILITY = YES_AGGRESSIVE;
				CLANG_WARN_UNREACHABLE_CODE = YES;
				CLANG_WARN__DUPLICATE_METHOD_MATCH = YES;
				COPY_PHASE_STRIP = NO;
				DEBUG_INFORMATION_FORMAT = "dwarf-with-dsym";
				ENABLE_NS_ASSERTIONS = NO;
				ENABLE_STRICT_OBJC_MSGSEND = YES;
				ENABLE_USER_SCRIPT_SANDBOXING = YES;
				GCC_C_LANGUAGE_STANDARD = gnu17;
				GCC_NO_COMMON_BLOCKS = YES;
				GCC_WARN_64_TO_32_BIT_CONVERSION = YES;
				GCC_WARN_ABOUT_RETURN_TYPE = YES_ERROR;
				GCC_WARN_UNDECLARED_SELECTOR = YES;
				GCC_WARN_UNINITIALIZED_AUTOS = YES_AGGRESSIVE;
				GCC_WARN_UNUSED_FUNCTION = YES;
				GCC_WARN_UNUSED_VARIABLE = YES;
				IPHONEOS_DEPLOYMENT_TARGET = 17.2;
				LOCALIZATION_PREFERS_STRING_CATALOGS = YES;
				MTL_ENABLE_DEBUG_INFO = NO;
				MTL_FAST_MATH = YES;
				SDKROOT = iphoneos;
				SWIFT_COMPILATION_MODE = wholemodule;
				SWIFT_STRICT_CONCURRENCY = complete;
				VALIDATE_PRODUCT = YES;
			};
			name = Release;
		};
		70C72DF92E2150F000D060A9 /* Debug */ = {
			isa = XCBuildConfiguration;
			buildSettings = {
				ASSETCATALOG_COMPILER_APPICON_NAME = AppIcon;
				ASSETCATALOG_COMPILER_GLOBAL_ACCENT_COLOR_NAME = AccentColor;
				CODE_SIGN_STYLE = Automatic;
				CURRENT_PROJECT_VERSION = 1;
				DEVELOPMENT_ASSET_PATHS = "\"ZuperAssignment/Preview Content\"";
				DEVELOPMENT_TEAM = H7R28ZNW4Y;
				ENABLE_PREVIEWS = YES;
				GENERATE_INFOPLIST_FILE = YES;
				INFOPLIST_KEY_UIApplicationSceneManifest_Generation = YES;
				INFOPLIST_KEY_UIApplicationSupportsIndirectInputEvents = YES;
				INFOPLIST_KEY_UILaunchScreen_Generation = YES;
				INFOPLIST_KEY_UISupportedInterfaceOrientations_iPad = "UIInterfaceOrientationPortrait UIInterfaceOrientationPortraitUpsideDown UIInterfaceOrientationLandscapeLeft UIInterfaceOrientationLandscapeRight";
				INFOPLIST_KEY_UISupportedInterfaceOrientations_iPhone = "UIInterfaceOrientationPortrait UIInterfaceOrientationLandscapeLeft UIInterfaceOrientationLandscapeRight";
				LD_RUNPATH_SEARCH_PATHS = (
					"$(inherited)",
					"@executable_path/Frameworks",
				);
				MARKETING_VERSION = 1.0;
				PRODUCT_BUNDLE_IDENTIFIER = com.pavandjavali.ZuperAssignment;
				PRODUCT_NAME = "$(TARGET_NAME)";
				SWIFT_EMIT_LOC_STRINGS = YES;
				SWIFT_VERSION = 5.0;
				TARGETED_DEVICE_FAMILY = "1,2";
			};
			name = Debug;
		};
		70C72DFA2E2150F000D060A9 /* Release */ = {
			isa = XCBuildConfiguration;
			buildSettings = {
				ASSETCATALOG_COMPILER_APPICON_NAME = AppIcon;
				ASSETCATALOG_COMPILER_GLOBAL_ACCENT_COLOR_NAME = AccentColor;
				CODE_SIGN_STYLE = Automatic;
				CURRENT_PROJECT_VERSION = 1;
				DEVELOPMENT_ASSET_PATHS = "\"ZuperAssignment/Preview Content\"";
				DEVELOPMENT_TEAM = H7R28ZNW4Y;
				ENABLE_PREVIEWS = YES;
				GENERATE_INFOPLIST_FILE = YES;
				INFOPLIST_KEY_UIApplicationSceneManifest_Generation = YES;
				INFOPLIST_KEY_UIApplicationSupportsIndirectInputEvents = YES;
				INFOPLIST_KEY_UILaunchScreen_Generation = YES;
				INFOPLIST_KEY_UISupportedInterfaceOrientations_iPad = "UIInterfaceOrientationPortrait UIInterfaceOrientationPortraitUpsideDown UIInterfaceOrientationLandscapeLeft UIInterfaceOrientationLandscapeRight";
				INFOPLIST_KEY_UISupportedInterfaceOrientations_iPhone = "UIInterfaceOrientationPortrait UIInterfaceOrientationLandscapeLeft UIInterfaceOrientationLandscapeRight";
				LD_RUNPATH_SEARCH_PATHS = (
					"$(inherited)",
					"@executable_path/Frameworks",
				);
				MARKETING_VERSION = 1.0;
				PRODUCT_BUNDLE_IDENTIFIER = com.pavandjavali.ZuperAssignment;
				PRODUCT_NAME = "$(TARGET_NAME)";
				SWIFT_EMIT_LOC_STRINGS = YES;
				SWIFT_VERSION = 5.0;
				TARGETED_DEVICE_FAMILY = "1,2";
			};
			name = Release;
		};
		70C72DFC2E2150F000D060A9 /* Debug */ = {
			isa = XCBuildConfiguration;
			buildSettings = {
				ALWAYS_EMBED_SWIFT_STANDARD_LIBRARIES = YES;
				BUNDLE_LOADER = "$(TEST_HOST)";
				CODE_SIGN_STYLE = Automatic;
				CURRENT_PROJECT_VERSION = 1;
				DEVELOPMENT_TEAM = H7R28ZNW4Y;
				GENERATE_INFOPLIST_FILE = YES;
				IPHONEOS_DEPLOYMENT_TARGET = 17.2;
				MARKETING_VERSION = 1.0;
				PRODUCT_BUNDLE_IDENTIFIER = com.pavandjavali.ZuperAssignmentTests;
				PRODUCT_NAME = "$(TARGET_NAME)";
				SWIFT_EMIT_LOC_STRINGS = NO;
				SWIFT_VERSION = 5.0;
				TARGETED_DEVICE_FAMILY = "1,2";
				TEST_HOST = "$(BUILT_PRODUCTS_DIR)/ZuperAssignment.app/$(BUNDLE_EXECUTABLE_FOLDER_PATH)/ZuperAssignment";
			};
			name = Debug;
		};
		70C72DFD2E2150F000D060A9 /* Release */ = {
			isa = XCBuildConfiguration;
			buildSettings = {
				ALWAYS_EMBED_SWIFT_STANDARD_LIBRARIES = YES;
				BUNDLE_LOADER = "$(TEST_HOST)";
				CODE_SIGN_STYLE = Automatic;
				CURRENT_PROJECT_VERSION = 1;
				DEVELOPMENT_TEAM = H7R28ZNW4Y;
				GENERATE_INFOPLIST_FILE = YES;
				IPHONEOS_DEPLOYMENT_TARGET = 17.2;
				MARKETING_VERSION = 1.0;
				PRODUCT_BUNDLE_IDENTIFIER = com.pavandjavali.ZuperAssignmentTests;
				PRODUCT_NAME = "$(TARGET_NAME)";
				SWIFT_EMIT_LOC_STRINGS = NO;
				SWIFT_VERSION = 5.0;
				TARGETED_DEVICE_FAMILY = "1,2";
				TEST_HOST = "$(BUILT_PRODUCTS_DIR)/ZuperAssignment.app/$(BUNDLE_EXECUTABLE_FOLDER_PATH)/ZuperAssignment";
			};
			name = Release;
		};
		70C72DFF2E2150F000D060A9 /* Debug */ = {
			isa = XCBuildConfiguration;
			buildSettings = {
				ALWAYS_EMBED_SWIFT_STANDARD_LIBRARIES = YES;
				CODE_SIGN_STYLE = Automatic;
				CURRENT_PROJECT_VERSION = 1;
				DEVELOPMENT_TEAM = H7R28ZNW4Y;
				GENERATE_INFOPLIST_FILE = YES;
				MARKETING_VERSION = 1.0;
				PRODUCT_BUNDLE_IDENTIFIER = com.pavandjavali.ZuperAssignmentUITests;
				PRODUCT_NAME = "$(TARGET_NAME)";
				SWIFT_EMIT_LOC_STRINGS = NO;
				SWIFT_VERSION = 5.0;
				TARGETED_DEVICE_FAMILY = "1,2";
				TEST_TARGET_NAME = ZuperAssignment;
			};
			name = Debug;
		};
		70C72E002E2150F000D060A9 /* Release */ = {
			isa = XCBuildConfiguration;
			buildSettings = {
				ALWAYS_EMBED_SWIFT_STANDARD_LIBRARIES = YES;
				CODE_SIGN_STYLE = Automatic;
				CURRENT_PROJECT_VERSION = 1;
				DEVELOPMENT_TEAM = H7R28ZNW4Y;
				GENERATE_INFOPLIST_FILE = YES;
				MARKETING_VERSION = 1.0;
				PRODUCT_BUNDLE_IDENTIFIER = com.pavandjavali.ZuperAssignmentUITests;
				PRODUCT_NAME = "$(TARGET_NAME)";
				SWIFT_EMIT_LOC_STRINGS = NO;
				SWIFT_VERSION = 5.0;
				TARGETED_DEVICE_FAMILY = "1,2";
				TEST_TARGET_NAME = ZuperAssignment;
			};
			name = Release;
		};
/* End XCBuildConfiguration section */

/* Begin XCConfigurationList section */
		70C72DCF2E2150EF00D060A9 /* Build configuration list for PBXProject "ZuperAssignment" */ = {
			isa = XCConfigurationList;
			buildConfigurations = (
				70C72DF62E2150F000D060A9 /* Debug */,
				70C72DF72E2150F000D060A9 /* Release */,
			);
			defaultConfigurationIsVisible = 0;
			defaultConfigurationName = Release;
		};
		70C72DF82E2150F000D060A9 /* Build configuration list for PBXNativeTarget "ZuperAssignment" */ = {
			isa = XCConfigurationList;
			buildConfigurations = (
				70C72DF92E2150F000D060A9 /* Debug */,
				70C72DFA2E2150F000D060A9 /* Release */,
			);
			defaultConfigurationIsVisible = 0;
			defaultConfigurationName = Release;
		};
		70C72DFB2E2150F000D060A9 /* Build configuration list for PBXNativeTarget "ZuperAssignmentTests" */ = {
			isa = XCConfigurationList;
			buildConfigurations = (
				70C72DFC2E2150F000D060A9 /* Debug */,
				70C72DFD2E2150F000D060A9 /* Release */,
			);
			defaultConfigurationIsVisible = 0;
			defaultConfigurationName = Release;
		};
		70C72DFE2E2150F000D060A9 /* Build configuration list for PBXNativeTarget "ZuperAssignmentUITests" */ = {
			isa = XCConfigurationList;
			buildConfigurations = (
				70C72DFF2E2150F000D060A9 /* Debug */,
				70C72E002E2150F000D060A9 /* Release */,
			);
			defaultConfigurationIsVisible = 0;
			defaultConfigurationName = Release;
		};
/* End XCConfigurationList section */
	};
	rootObject = 70C72DCC2E2150EF00D060A9 /* Project object */;
}
